
Microsoft Visual Studio Solution File, Format Version 11.00
# Visual Studio 2010
Project("{FAE04EC0-301F-11D3-BF4B-00C04F79EFBC}") = "RestFulExamen", "RestFulExamen\RestFulExamen.csproj", "{176A3CEE-F2A8-4F4C-BCA9-392843F0AA2E}"
EndProject
Project("{FAE04EC0-301F-11D3-BF4B-00C04F79EFBC}") = "RestClient1", "RestClient1\RestClient1.csproj", "{1E6A2971-B7D0-4D8C-93D0-2E4F0BD950EC}"
EndProject
Global
	GlobalSection(SolutionConfigurationPlatforms) = preSolution
		Debug|Any CPU = Debug|Any CPU
		Debug|Mixed Platforms = Debug|Mixed Platforms
		Debug|x86 = Debug|x86
		Release|Any CPU = Release|Any CPU
		Release|Mixed Platforms = Release|Mixed Platforms
		Release|x86 = Release|x86
	EndGlobalSection
	GlobalSection(ProjectConfigurationPlatforms) = postSolution
		{176A3CEE-F2A8-4F4C-BCA9-392843F0AA2E}.Debug|Any CPU.ActiveCfg = Debug|Any CPU
		{176A3CEE-F2A8-4F4C-BCA9-392843F0AA2E}.Debug|Any CPU.Build.0 = Debug|Any CPU
		{176A3CEE-F2A8-4F4C-BCA9-392843F0AA2E}.Debug|Mixed Platforms.ActiveCfg = Debug|Any CPU
		{176A3CEE-F2A8-4F4C-BCA9-392843F0AA2E}.Debug|Mixed Platforms.Build.0 = Debug|Any CPU
		{176A3CEE-F2A8-4F4C-BCA9-392843F0AA2E}.Debug|x86.ActiveCfg = Debug|Any CPU
		{176A3CEE-F2A8-4F4C-BCA9-392843F0AA2E}.Release|Any CPU.ActiveCfg = Release|Any CPU
		{176A3CEE-F2A8-4F4C-BCA9-392843F0AA2E}.Release|Any CPU.Build.0 = Release|Any CPU
		{176A3CEE-F2A8-4F4C-BCA9-392843F0AA2E}.Release|Mixed Platforms.ActiveCfg = Release|Any CPU
		{176A3CEE-F2A8-4F4C-BCA9-392843F0AA2E}.Release|Mixed Platforms.Build.0 = Release|Any CPU
		{176A3CEE-F2A8-4F4C-BCA9-392843F0AA2E}.Release|x86.ActiveCfg = Release|Any CPU
		{1E6A2971-B7D0-4D8C-93D0-2E4F0BD950EC}.Debug|Any CPU.ActiveCfg = Debug|x86
		{1E6A2971-B7D0-4D8C-93D0-2E4F0BD950EC}.Debug|Mixed Platforms.ActiveCfg = Debug|x86
		{1E6A2971-B7D0-4D8C-93D0-2E4F0BD950EC}.Debug|Mixed Platforms.Build.0 = Debug|x86
		{1E6A2971-B7D0-4D8C-93D0-2E4F0BD950EC}.Debug|x86.ActiveCfg = Debug|x86
		{1E6A2971-B7D0-4D8C-93D0-2E4F0BD950EC}.Debug|x86.Build.0 = Debug|x86
		{1E6A2971-B7D0-4D8C-93D0-2E4F0BD950EC}.Release|Any CPU.ActiveCfg = Release|x86
		{1E6A2971-B7D0-4D8C-93D0-2E4F0BD950EC}.Release|Mixed Platforms.ActiveCfg = Release|x86
		{1E6A2971-B7D0-4D8C-93D0-2E4F0BD950EC}.Release|Mixed Platforms.Build.0 = Release|x86
		{1E6A2971-B7D0-4D8C-93D0-2E4F0BD950EC}.Release|x86.ActiveCfg = Release|x86
		{1E6A2971-B7D0-4D8C-93D0-2E4F0BD950EC}.Release|x86.Build.0 = Release|x86
	EndGlobalSection
	GlobalSection(SolutionProperties) = preSolution
		HideSolutionNode = FALSE
	EndGlobalSection
EndGlobal
